
Microsoft Visual Studio Solution File, Format Version 12.00
# Visual Studio Version 16
VisualStudioVersion = 16.0.29519.87
MinimumVisualStudioVersion = 10.0.40219.1
Project("{2150E333-8FDC-42A3-9474-1A3956D46DE8}") = "src", "src", "{6C6C8913-5FA5-408B-9BB3-1136294DE020}"
EndProject
Project("{9A19103F-16F7-4668-BE54-9A1E7A4F7556}") = "Quantum.Web", "Quantum.Web\Quantum.Web.csproj", "{274FE2A4-14A1-4AFC-9AB9-723249BD17C8}"
EndProject
Project("{9A19103F-16F7-4668-BE54-9A1E7A4F7556}") = "Quantum.Core", "Quantum.Core\Quantum.Core.csproj", "{0C1929A6-2CF7-4721-8FF1-D00EE887C6F2}"
EndProject
Project("{9A19103F-16F7-4668-BE54-9A1E7A4F7556}") = "Quantum.Infrastructure", "Quantum.Infrastructure\Quantum.Infrastructure.csproj", "{DF81F5D6-F07C-4681-9973-51F1F90F1FD9}"
EndProject
Global
	GlobalSection(SolutionConfigurationPlatforms) = preSolution
		Debug|Any CPU = Debug|Any CPU
		Release|Any CPU = Release|Any CPU
	EndGlobalSection
	GlobalSection(ProjectConfigurationPlatforms) = postSolution
		{274FE2A4-14A1-4AFC-9AB9-723249BD17C8}.Debug|Any CPU.ActiveCfg = Debug|Any CPU
		{274FE2A4-14A1-4AFC-9AB9-723249BD17C8}.Debug|Any CPU.Build.0 = Debug|Any CPU
		{274FE2A4-14A1-4AFC-9AB9-723249BD17C8}.Release|Any CPU.ActiveCfg = Release|Any CPU
		{274FE2A4-14A1-4AFC-9AB9-723249BD17C8}.Release|Any CPU.Build.0 = Release|Any CPU
		{0C1929A6-2CF7-4721-8FF1-D00EE887C6F2}.Debug|Any CPU.ActiveCfg = Debug|Any CPU
		{0C1929A6-2CF7-4721-8FF1-D00EE887C6F2}.Debug|Any CPU.Build.0 = Debug|Any CPU
		{0C1929A6-2CF7-4721-8FF1-D00EE887C6F2}.Release|Any CPU.ActiveCfg = Release|Any CPU
		{0C1929A6-2CF7-4721-8FF1-D00EE887C6F2}.Release|Any CPU.Build.0 = Release|Any CPU
		{DF81F5D6-F07C-4681-9973-51F1F90F1FD9}.Debug|Any CPU.ActiveCfg = Debug|Any CPU
		{DF81F5D6-F07C-4681-9973-51F1F90F1FD9}.Debug|Any CPU.Build.0 = Debug|Any CPU
		{DF81F5D6-F07C-4681-9973-51F1F90F1FD9}.Release|Any CPU.ActiveCfg = Release|Any CPU
		{DF81F5D6-F07C-4681-9973-51F1F90F1FD9}.Release|Any CPU.Build.0 = Release|Any CPU
	EndGlobalSection
	GlobalSection(SolutionProperties) = preSolution
		HideSolutionNode = FALSE
	EndGlobalSection
	GlobalSection(NestedProjects) = preSolution
		{274FE2A4-14A1-4AFC-9AB9-723249BD17C8} = {6C6C8913-5FA5-408B-9BB3-1136294DE020}
		{0C1929A6-2CF7-4721-8FF1-D00EE887C6F2} = {6C6C8913-5FA5-408B-9BB3-1136294DE020}
		{DF81F5D6-F07C-4681-9973-51F1F90F1FD9} = {6C6C8913-5FA5-408B-9BB3-1136294DE020}
	EndGlobalSection
	GlobalSection(ExtensibilityGlobals) = postSolution
		SolutionGuid = {E5BC056F-79A7-4ACD-965C-0FCD318887A5}
	EndGlobalSection
EndGlobal
